# This file is autogenerated, do not edit; changes may be undone by the next 'dep ensure'.


[[projects]]
  branch = "master"
  digest = "1:046356b31cf65235da9aac9b829980a77b22cac7df68c5b31f7371c748fba3ce"
  name = "github.com/pions/transport"
  packages = ["test"]
  pruneopts = "UT"
  revision = "c14b822e65d4013b855cb6ebab0fc6ba57254d14"

[[projects]]
  branch = "master"
  digest = "1:6829afd260785f0d9cd665fc87e15f70b72648d68cab0b5bdd7711a054ba2c0e"
  name = "golang.org/x/crypto"
  packages = ["curve25519"]
  pruneopts = "UT"
  revision = "505ab145d0a99da450461ae2c1a9f6cd10d1f447"

[solve-meta]
  analyzer-name = "dep"
  analyzer-version = 1
  input-imports = [
    "github.com/pions/transport/test",
    "golang.org/x/crypto/curve25519",
  ]
  solver-name = "gps-cdcl"
  solver-version = 1
